
Microsoft Visual Studio Solution File, Format Version 12.00
# Visual Studio Version 17
VisualStudioVersion = 17.5.33516.290
MinimumVisualStudioVersion = 10.0.40219.1
Project("{FAE04EC0-301F-11D3-BF4B-00C04F79EFBC}") = "AplicacionEscritorio", "AplicacionEscritorio.csproj", "{88560DAE-6F9B-49B4-9D2B-B607F64CFC72}"
EndProject
Global
	GlobalSection(SolutionConfigurationPlatforms) = preSolution
		Debug|Any CPU = Debug|Any CPU
		Release|Any CPU = Release|Any CPU
	EndGlobalSection
	GlobalSection(ProjectConfigurationPlatforms) = postSolution
		{88560DAE-6F9B-49B4-9D2B-B607F64CFC72}.Debug|Any CPU.ActiveCfg = Debug|Any CPU
		{88560DAE-6F9B-49B4-9D2B-B607F64CFC72}.Debug|Any CPU.Build.0 = Debug|Any CPU
		{88560DAE-6F9B-49B4-9D2B-B607F64CFC72}.Release|Any CPU.ActiveCfg = Release|Any CPU
		{88560DAE-6F9B-49B4-9D2B-B607F64CFC72}.Release|Any CPU.Build.0 = Release|Any CPU
	EndGlobalSection
	GlobalSection(SolutionProperties) = preSolution
		HideSolutionNode = FALSE
	EndGlobalSection
	GlobalSection(ExtensibilityGlobals) = postSolution
		SolutionGuid = {8F8AF086-5DCE-462B-B378-240DDF941E3D}
	EndGlobalSection
EndGlobal
